
# package-lock.yml is auto-generated by `dbt deps` to lock exact versions and hashes of installed dbt packages. 
# It ensures reproducible builds and should not be edited manually—update via `dbt deps` instead.

packages:
  - package: dbt-labs/dbt_utils        # pinned dependency
    version: 1.3.1                     # exact version resolved from packages.yml
sha1_hash: dd1e1feb2d2bbce79e7a255cd309a60e6548df0b  # integrity check of packages
